
Microsoft Visual Studio Solution File, Format Version 12.00
# Visual Studio Version 17
VisualStudioVersion = 17.7.34018.315
MinimumVisualStudioVersion = 10.0.40219.1
Project("{FAE04EC0-301F-11D3-BF4B-00C04F79EFBC}") = "4M_04_radiobutton", "4M_04_radiobutton\4M_04_radiobutton.csproj", "{D26396B3-183D-4C45-A460-E49DA8676239}"
EndProject
Global
	GlobalSection(SolutionConfigurationPlatforms) = preSolution
		Debug|Any CPU = Debug|Any CPU
		Release|Any CPU = Release|Any CPU
	EndGlobalSection
	GlobalSection(ProjectConfigurationPlatforms) = postSolution
		{D26396B3-183D-4C45-A460-E49DA8676239}.Debug|Any CPU.ActiveCfg = Debug|Any CPU
		{D26396B3-183D-4C45-A460-E49DA8676239}.Debug|Any CPU.Build.0 = Debug|Any CPU
		{D26396B3-183D-4C45-A460-E49DA8676239}.Debug|Any CPU.Deploy.0 = Debug|Any CPU
		{D26396B3-183D-4C45-A460-E49DA8676239}.Release|Any CPU.ActiveCfg = Release|Any CPU
		{D26396B3-183D-4C45-A460-E49DA8676239}.Release|Any CPU.Build.0 = Release|Any CPU
		{D26396B3-183D-4C45-A460-E49DA8676239}.Release|Any CPU.Deploy.0 = Release|Any CPU
	EndGlobalSection
	GlobalSection(SolutionProperties) = preSolution
		HideSolutionNode = FALSE
	EndGlobalSection
	GlobalSection(ExtensibilityGlobals) = postSolution
		SolutionGuid = {C8D11AD2-16A0-4269-8D95-C8B76648FB82}
	EndGlobalSection
EndGlobal
